// !$*UTF8*$!
{
	archiveVersion = 1;
	classes = {
	};
	objectVersion = 50;
	objects = {

/* Begin PBXBuildFile section */
		04409EBD20B582C7001A90D1 /* ConversionViewController.swift in Sources */ = {isa = PBXBuildFile; fileRef = 04409EBC20B582C7001A90D1 /* ConversionViewController.swift */; };
		0470D27620B5A9E100C2F7F0 /* MapKit.framework in Frameworks */ = {isa = PBXBuildFile; fileRef = 0470D27520B5A9E100C2F7F0 /* MapKit.framework */; };
		0470D27820B5B09200C2F7F0 /* MapViewController.swift in Sources */ = {isa = PBXBuildFile; fileRef = 0470D27720B5B09200C2F7F0 /* MapViewController.swift */; };
		04BBF0EE20B5586200BFD768 /* AppDelegate.swift in Sources */ = {isa = PBXBuildFile; fileRef = 04BBF0ED20B5586200BFD768 /* AppDelegate.swift */; };
		04BBF0F320B5586200BFD768 /* Main.storyboard in Resources */ = {isa = PBXBuildFile; fileRef = 04BBF0F120B5586200BFD768 /* Main.storyboard */; };
		04BBF0F520B5586300BFD768 /* Assets.xcassets in Resources */ = {isa = PBXBuildFile; fileRef = 04BBF0F420B5586300BFD768 /* Assets.xcassets */; };
		04BBF0F820B5586300BFD768 /* LaunchScreen.storyboard in Resources */ = {isa = PBXBuildFile; fileRef = 04BBF0F620B5586300BFD768 /* LaunchScreen.storyboard */; };
		04BBF10320B5586300BFD768 /* WorldTrotterTests.swift in Sources */ = {isa = PBXBuildFile; fileRef = 04BBF10220B5586300BFD768 /* WorldTrotterTests.swift */; };
		04BBF10E20B5586300BFD768 /* WorldTrotterUITests.swift in Sources */ = {isa = PBXBuildFile; fileRef = 04BBF10D20B5586300BFD768 /* WorldTrotterUITests.swift */; };
/* End PBXBuildFile section */

/* Begin PBXContainerItemProxy section */
		04BBF0FF20B5586300BFD768 /* PBXContainerItemProxy */ = {
			isa = PBXContainerItemProxy;
			containerPortal = 04BBF0E220B5586200BFD768 /* Project object */;
			proxyType = 1;
			remoteGlobalIDString = 04BBF0E920B5586200BFD768;
			remoteInfo = WorldTrotter;
		};
		04BBF10A20B5586300BFD768 /* PBXContainerItemProxy */ = {
			isa = PBXContainerItemProxy;
			containerPortal = 04BBF0E220B5586200BFD768 /* Project object */;
			proxyType = 1;
			remoteGlobalIDString = 04BBF0E920B5586200BFD768;
			remoteInfo = WorldTrotter;
		};
/* End PBXContainerItemProxy section */

/* Begin PBXFileReference section */
		04409EBC20B582C7001A90D1 /* ConversionViewController.swift */ = {isa = PBXFileReference; lastKnownFileType = sourcecode.swift; path = ConversionViewController.swift; sourceTree = "<group>"; };
		0470D27520B5A9E100C2F7F0 /* MapKit.framework */ = {isa = PBXFileReference; lastKnownFileType = wrapper.framework; name = MapKit.framework; path = System/Library/Frameworks/MapKit.framework; sourceTree = SDKROOT; };
		0470D27720B5B09200C2F7F0 /* MapViewController.swift */ = {isa = PBXFileReference; lastKnownFileType = sourcecode.swift; path = MapViewController.swift; sourceTree = "<group>"; };
		04BBF0EA20B5586200BFD768 /* WorldTrotter.app */ = {isa = PBXFileReference; explicitFileType = wrapper.application; includeInIndex = 0; path = WorldTrotter.app; sourceTree = BUILT_PRODUCTS_DIR; };
		04BBF0ED20B5586200BFD768 /* AppDelegate.swift */ = {isa = PBXFileReference; lastKnownFileType = sourcecode.swift; path = AppDelegate.swift; sourceTree = "<group>"; };
		04BBF0F220B5586200BFD768 /* Base */ = {isa = PBXFileReference; lastKnownFileType = file.storyboard; name = Base; path = Base.lproj/Main.storyboard; sourceTree = "<group>"; };
		04BBF0F420B5586300BFD768 /* Assets.xcassets */ = {isa = PBXFileReference; lastKnownFileType = folder.assetcatalog; path = Assets.xcassets; sourceTree = "<group>"; };
		04BBF0F720B5586300BFD768 /* Base */ = {isa = PBXFileReference; lastKnownFileType = file.storyboard; name = Base; path = Base.lproj/LaunchScreen.storyboard; sourceTree = "<group>"; };
		04BBF0F920B5586300BFD768 /* Info.plist */ = {isa = PBXFileReference; lastKnownFileType = text.plist.xml; path = Info.plist; sourceTree = "<group>"; };
		04BBF0FE20B5586300BFD768 /* WorldTrotterTests.xctest */ = {isa = PBXFileReference; explicitFileType = wrapper.cfbundle; includeInIndex = 0; path = WorldTrotterTests.xctest; sourceTree = BUILT_PRODUCTS_DIR; };
		04BBF10220B5586300BFD768 /* WorldTrotterTests.swift */ = {isa = PBXFileReference; lastKnownFileType = sourcecode.swift; path = WorldTrotterTests.swift; sourceTree = "<group>"; };
		04BBF10420B5586300BFD768 /* Info.plist */ = {isa = PBXFileReference; lastKnownFileType = text.plist.xml; path = Info.plist; sourceTree = "<group>"; };
		04BBF10920B5586300BFD768 /* WorldTrotterUITests.xctest */ = {isa = PBXFileReference; explicitFileType = wrapper.cfbundle; includeInIndex = 0; path = WorldTrotterUITests.xctest; sourceTree = BUILT_PRODUCTS_DIR; };
		04BBF10D20B5586300BFD768 /* WorldTrotterUITests.swift */ = {isa = PBXFileReference; lastKnownFileType = sourcecode.swift; path = WorldTrotterUITests.swift; sourceTree = "<group>"; };
		04BBF10F20B5586300BFD768 /* Info.plist */ = {isa = PBXFileReference; lastKnownFileType = text.plist.xml; path = Info.plist; sourceTree = "<group>"; };
/* End PBXFileReference section */

/* Begin PBXFrameworksBuildPhase section */
		04BBF0E720B5586200BFD768 /* Frameworks */ = {
			isa = PBXFrameworksBuildPhase;
			buildActionMask = 2147483647;
			files = (
				0470D27620B5A9E100C2F7F0 /* MapKit.framework in Frameworks */,
			);
			runOnlyForDeploymentPostprocessing = 0;
		};
		04BBF0FB20B5586300BFD768 /* Frameworks */ = {
			isa = PBXFrameworksBuildPhase;
			buildActionMask = 2147483647;
			files = (
			);
			runOnlyForDeploymentPostprocessing = 0;
		};
		04BBF10620B5586300BFD768 /* Frameworks */ = {
			isa = PBXFrameworksBuildPhase;
			buildActionMask = 2147483647;
			files = (
			);
			runOnlyForDeploymentPostprocessing = 0;
		};
/* End PBXFrameworksBuildPhase section */

/* Begin PBXGroup section */
		0470D27420B5A9E100C2F7F0 /* Frameworks */ = {
			isa = PBXGroup;
			children = (
				0470D27520B5A9E100C2F7F0 /* MapKit.framework */,
			);
			name = Frameworks;
			sourceTree = "<group>";
		};
		04BBF0E120B5586200BFD768 = {
			isa = PBXGroup;
			children = (
				04BBF0EC20B5586200BFD768 /* WorldTrotter */,
				04BBF10120B5586300BFD768 /* WorldTrotterTests */,
				04BBF10C20B5586300BFD768 /* WorldTrotterUITests */,
				04BBF0EB20B5586200BFD768 /* Products */,
				0470D27420B5A9E100C2F7F0 /* Frameworks */,
			);
			sourceTree = "<group>";
		};
		04BBF0EB20B5586200BFD768 /* Products */ = {
			isa = PBXGroup;
			children = (
				04BBF0EA20B5586200BFD768 /* WorldTrotter.app */,
				04BBF0FE20B5586300BFD768 /* WorldTrotterTests.xctest */,
				04BBF10920B5586300BFD768 /* WorldTrotterUITests.xctest */,
			);
			name = Products;
			sourceTree = "<group>";
		};
		04BBF0EC20B5586200BFD768 /* WorldTrotter */ = {
			isa = PBXGroup;
			children = (
				04BBF0ED20B5586200BFD768 /* AppDelegate.swift */,
				04409EBC20B582C7001A90D1 /* ConversionViewController.swift */,
				0470D27720B5B09200C2F7F0 /* MapViewController.swift */,
				04BBF0F120B5586200BFD768 /* Main.storyboard */,
				04BBF0F420B5586300BFD768 /* Assets.xcassets */,
				04BBF0F620B5586300BFD768 /* LaunchScreen.storyboard */,
				04BBF0F920B5586300BFD768 /* Info.plist */,
			);
			path = WorldTrotter;
			sourceTree = "<group>";
		};
		04BBF10120B5586300BFD768 /* WorldTrotterTests */ = {
			isa = PBXGroup;
			children = (
				04BBF10220B5586300BFD768 /* WorldTrotterTests.swift */,
				04BBF10420B5586300BFD768 /* Info.plist */,
			);
			path = WorldTrotterTests;
			sourceTree = "<group>";
		};
		04BBF10C20B5586300BFD768 /* WorldTrotterUITests */ = {
			isa = PBXGroup;
			children = (
				04BBF10D20B5586300BFD768 /* WorldTrotterUITests.swift */,
				04BBF10F20B5586300BFD768 /* Info.plist */,
			);
			path = WorldTrotterUITests;
			sourceTree = "<group>";
		};
/* End PBXGroup section */

/* Begin PBXNativeTarget section */
		04BBF0E920B5586200BFD768 /* WorldTrotter */ = {
			isa = PBXNativeTarget;
			buildConfigurationList = 04BBF11220B5586300BFD768 /* Build configuration list for PBXNativeTarget "WorldTrotter" */;
			buildPhases = (
				04BBF0E620B5586200BFD768 /* Sources */,
				04BBF0E720B5586200BFD768 /* Frameworks */,
				04BBF0E820B5586200BFD768 /* Resources */,
			);
			buildRules = (
			);
			dependencies = (
			);
			name = WorldTrotter;
			productName = WorldTrotter;
			productReference = 04BBF0EA20B5586200BFD768 /* WorldTrotter.app */;
			productType = "com.apple.product-type.application";
		};
		04BBF0FD20B5586300BFD768 /* WorldTrotterTests */ = {
			isa = PBXNativeTarget;
			buildConfigurationList = 04BBF11520B5586300BFD768 /* Build configuration list for PBXNativeTarget "WorldTrotterTests" */;
			buildPhases = (
				04BBF0FA20B5586300BFD768 /* Sources */,
				04BBF0FB20B5586300BFD768 /* Frameworks */,
				04BBF0FC20B5586300BFD768 /* Resources */,
			);
			buildRules = (
			);
			dependencies = (
				04BBF10020B5586300BFD768 /* PBXTargetDependency */,
			);
			name = WorldTrotterTests;
			productName = WorldTrotterTests;
			productReference = 04BBF0FE20B5586300BFD768 /* WorldTrotterTests.xctest */;
			productType = "com.apple.product-type.bundle.unit-test";
		};
		04BBF10820B5586300BFD768 /* WorldTrotterUITests */ = {
			isa = PBXNativeTarget;
			buildConfigurationList = 04BBF11820B5586300BFD768 /* Build configuration list for PBXNativeTarget "WorldTrotterUITests" */;
			buildPhases = (
				04BBF10520B5586300BFD768 /* Sources */,
				04BBF10620B5586300BFD768 /* Frameworks */,
				04BBF10720B5586300BFD768 /* Resources */,
			);
			buildRules = (
			);
			dependencies = (
				04BBF10B20B5586300BFD768 /* PBXTargetDependency */,
			);
			name = WorldTrotterUITests;
			productName = WorldTrotterUITests;
			productReference = 04BBF10920B5586300BFD768 /* WorldTrotterUITests.xctest */;
			productType = "com.apple.product-type.bundle.ui-testing";
		};
/* End PBXNativeTarget section */

/* Begin PBXProject section */
		04BBF0E220B5586200BFD768 /* Project object */ = {
			isa = PBXProject;
			attributes = {
				LastSwiftUpdateCheck = 0930;
				LastUpgradeCheck = 0930;
				ORGANIZATIONNAME = "Виктория Бадисова";
				TargetAttributes = {
					04BBF0E920B5586200BFD768 = {
						CreatedOnToolsVersion = 9.3.1;
					};
					04BBF0FD20B5586300BFD768 = {
						CreatedOnToolsVersion = 9.3.1;
						TestTargetID = 04BBF0E920B5586200BFD768;
					};
					04BBF10820B5586300BFD768 = {
						CreatedOnToolsVersion = 9.3.1;
						TestTargetID = 04BBF0E920B5586200BFD768;
					};
				};
			};
			buildConfigurationList = 04BBF0E520B5586200BFD768 /* Build configuration list for PBXProject "WorldTrotter" */;
			compatibilityVersion = "Xcode 9.3";
			developmentRegion = en;
			hasScannedForEncodings = 0;
			knownRegions = (
				en,
				Base,
			);
			mainGroup = 04BBF0E120B5586200BFD768;
			productRefGroup = 04BBF0EB20B5586200BFD768 /* Products */;
			projectDirPath = "";
			projectRoot = "";
			targets = (
				04BBF0E920B5586200BFD768 /* WorldTrotter */,
				04BBF0FD20B5586300BFD768 /* WorldTrotterTests */,
				04BBF10820B5586300BFD768 /* WorldTrotterUITests */,
			);
		};
/* End PBXProject section */

/* Begin PBXResourcesBuildPhase section */
		04BBF0E820B5586200BFD768 /* Resources */ = {
			isa = PBXResourcesBuildPhase;
			buildActionMask = 2147483647;
			files = (
				04BBF0F820B5586300BFD768 /* LaunchScreen.storyboard in Resources */,
				04BBF0F520B5586300BFD768 /* Assets.xcassets in Resources */,
				04BBF0F320B5586200BFD768 /* Main.storyboard in Resources */,
			);
			runOnlyForDeploymentPostprocessing = 0;
		};
		04BBF0FC20B5586300BFD768 /* Resources */ = {
			isa = PBXResourcesBuildPhase;
			buildActionMask = 2147483647;
			files = (
			);
			runOnlyForDeploymentPostprocessing = 0;
		};
		04BBF10720B5586300BFD768 /* Resources */ = {
			isa = PBXResourcesBuildPhase;
			buildActionMask = 2147483647;
			files = (
			);
			runOnlyForDeploymentPostprocessing = 0;
		};
/* End PBXResourcesBuildPhase section */

/* Begin PBXSourcesBuildPhase section */
		04BBF0E620B5586200BFD768 /* Sources */ = {
			isa = PBXSourcesBuildPhase;
			buildActionMask = 2147483647;
			files = (
				04409EBD20B582C7001A90D1 /* ConversionViewController.swift in Sources */,
				0470D27820B5B09200C2F7F0 /* MapViewController.swift in Sources */,
				04BBF0EE20B5586200BFD768 /* AppDelegate.swift in Sources */,
			);
			runOnlyForDeploymentPostprocessing = 0;
		};
		04BBF0FA20B5586300BFD768 /* Sources */ = {
			isa = PBXSourcesBuildPhase;
			buildActionMask = 2147483647;
			files = (
				04BBF10320B5586300BFD768 /* WorldTrotterTests.swift in Sources */,
			);
			runOnlyForDeploymentPostprocessing = 0;
		};
		04BBF10520B5586300BFD768 /* Sources */ = {
			isa = PBXSourcesBuildPhase;
			buildActionMask = 2147483647;
			files = (
				04BBF10E20B5586300BFD768 /* WorldTrotterUITests.swift in Sources */,
			);
			runOnlyForDeploymentPostprocessing = 0;
		};
/* End PBXSourcesBuildPhase section */

/* Begin PBXTargetDependency section */
		04BBF10020B5586300BFD768 /* PBXTargetDependency */ = {
			isa = PBXTargetDependency;
			target = 04BBF0E920B5586200BFD768 /* WorldTrotter */;
			targetProxy = 04BBF0FF20B5586300BFD768 /* PBXContainerItemProxy */;
		};
		04BBF10B20B5586300BFD768 /* PBXTargetDependency */ = {
			isa = PBXTargetDependency;
			target = 04BBF0E920B5586200BFD768 /* WorldTrotter */;
			targetProxy = 04BBF10A20B5586300BFD768 /* PBXContainerItemProxy */;
		};
/* End PBXTargetDependency section */

/* Begin PBXVariantGroup section */
		04BBF0F120B5586200BFD768 /* Main.storyboard */ = {
			isa = PBXVariantGroup;
			children = (
				04BBF0F220B5586200BFD768 /* Base */,
			);
			name = Main.storyboard;
			sourceTree = "<group>";
		};
		04BBF0F620B5586300BFD768 /* LaunchScreen.storyboard */ = {
			isa = PBXVariantGroup;
			children = (
				04BBF0F720B5586300BFD768 /* Base */,
			);
			name = LaunchScreen.storyboard;
			sourceTree = "<group>";
		};
/* End PBXVariantGroup section */

/* Begin XCBuildConfiguration section */
		04BBF11020B5586300BFD768 /* Debug */ = {
			isa = XCBuildConfiguration;
			buildSettings = {
				ALWAYS_SEARCH_USER_PATHS = NO;
				CLANG_ANALYZER_NONNULL = YES;
				CLANG_ANALYZER_NUMBER_OBJECT_CONVERSION = YES_AGGRESSIVE;
				CLANG_CXX_LANGUAGE_STANDARD = "gnu++14";
				CLANG_CXX_LIBRARY = "libc++";
				CLANG_ENABLE_MODULES = YES;
				CLANG_ENABLE_OBJC_ARC = YES;
				CLANG_ENABLE_OBJC_WEAK = YES;
				CLANG_WARN_BLOCK_CAPTURE_AUTORELEASING = YES;
				CLANG_WARN_BOOL_CONVERSION = YES;
				CLANG_WARN_COMMA = YES;
				CLANG_WARN_CONSTANT_CONVERSION = YES;
				CLANG_WARN_DEPRECATED_OBJC_IMPLEMENTATIONS = YES;
				CLANG_WARN_DIRECT_OBJC_ISA_USAGE = YES_ERROR;
				CLANG_WARN_DOCUMENTATION_COMMENTS = YES;
				CLANG_WARN_EMPTY_BODY = YES;
				CLANG_WARN_ENUM_CONVERSION = YES;
				CLANG_WARN_INFINITE_RECURSION = YES;
				CLANG_WARN_INT_CONVERSION = YES;
				CLANG_WARN_NON_LITERAL_NULL_CONVERSION = YES;
				CLANG_WARN_OBJC_IMPLICIT_RETAIN_SELF = YES;
				CLANG_WARN_OBJC_LITERAL_CONVERSION = YES;
				CLANG_WARN_OBJC_ROOT_CLASS = YES_ERROR;
				CLANG_WARN_RANGE_LOOP_ANALYSIS = YES;
				CLANG_WARN_STRICT_PROTOTYPES = YES;
				CLANG_WARN_SUSPICIOUS_MOVE = YES;
				CLANG_WARN_UNGUARDED_AVAILABILITY = YES_AGGRESSIVE;
				CLANG_WARN_UNREACHABLE_CODE = YES;
				CLANG_WARN__DUPLICATE_METHOD_MATCH = YES;
				CODE_SIGN_IDENTITY = "iPhone Developer";
				COPY_PHASE_STRIP = NO;
				DEBUG_INFORMATION_FORMAT = dwarf;
				ENABLE_STRICT_OBJC_MSGSEND = YES;
				ENABLE_TESTABILITY = YES;
				GCC_C_LANGUAGE_STANDARD = gnu11;
				GCC_DYNAMIC_NO_PIC = NO;
				GCC_NO_COMMON_BLOCKS = YES;
				GCC_OPTIMIZATION_LEVEL = 0;
				GCC_PREPROCESSOR_DEFINITIONS = (
					"DEBUG=1",
					"$(inherited)",
				);
				GCC_WARN_64_TO_32_BIT_CONVERSION = YES;
				GCC_WARN_ABOUT_RETURN_TYPE = YES_ERROR;
				GCC_WARN_UNDECLARED_SELECTOR = YES;
				GCC_WARN_UNINITIALIZED_AUTOS = YES_AGGRESSIVE;
				GCC_WARN_UNUSED_FUNCTION = YES;
				GCC_WARN_UNUSED_VARIABLE = YES;
				IPHONEOS_DEPLOYMENT_TARGET = 11.3;
				MTL_ENABLE_DEBUG_INFO = YES;
				ONLY_ACTIVE_ARCH = YES;
				SDKROOT = iphoneos;
				SWIFT_ACTIVE_COMPILATION_CONDITIONS = DEBUG;
				SWIFT_OPTIMIZATION_LEVEL = "-Onone";
			};
			name = Debug;
		};
		04BBF11120B5586300BFD768 /* Release */ = {
			isa = XCBuildConfiguration;
			buildSettings = {
				ALWAYS_SEARCH_USER_PATHS = NO;
				CLANG_ANALYZER_NONNULL = YES;
				CLANG_ANALYZER_NUMBER_OBJECT_CONVERSION = YES_AGGRESSIVE;
				CLANG_CXX_LANGUAGE_STANDARD = "gnu++14";
				CLANG_CXX_LIBRARY = "libc++";
				CLANG_ENABLE_MODULES = YES;
				CLANG_ENABLE_OBJC_ARC = YES;
				CLANG_ENABLE_OBJC_WEAK = YES;
				CLANG_WARN_BLOCK_CAPTURE_AUTORELEASING = YES;
				CLANG_WARN_BOOL_CONVERSION = YES;
				CLANG_WARN_COMMA = YES;
				CLANG_WARN_CONSTANT_CONVERSION = YES;
				CLANG_WARN_DEPRECATED_OBJC_IMPLEMENTATIONS = YES;
				CLANG_WARN_DIRECT_OBJC_ISA_USAGE = YES_ERROR;
				CLANG_WARN_DOCUMENTATION_COMMENTS = YES;
				CLANG_WARN_EMPTY_BODY = YES;
				CLANG_WARN_ENUM_CONVERSION = YES;
				CLANG_WARN_INFINITE_RECURSION = YES;
				CLANG_WARN_INT_CONVERSION = YES;
				CLANG_WARN_NON_LITERAL_NULL_CONVERSION = YES;
				CLANG_WARN_OBJC_IMPLICIT_RETAIN_SELF = YES;
				CLANG_WARN_OBJC_LITERAL_CONVERSION = YES;
				CLANG_WARN_OBJC_ROOT_CLASS = YES_ERROR;
				CLANG_WARN_RANGE_LOOP_ANALYSIS = YES;
				CLANG_WARN_STRICT_PROTOTYPES = YES;
				CLANG_WARN_SUSPICIOUS_MOVE = YES;
				CLANG_WARN_UNGUARDED_AVAILABILITY = YES_AGGRESSIVE;
				CLANG_WARN_UNREACHABLE_CODE = YES;
				CLANG_WARN__DUPLICATE_METHOD_MATCH = YES;
				CODE_SIGN_IDENTITY = "iPhone Developer";
				COPY_PHASE_STRIP = NO;
				DEBUG_INFORMATION_FORMAT = "dwarf-with-dsym";
				ENABLE_NS_ASSERTIONS = NO;
				ENABLE_STRICT_OBJC_MSGSEND = YES;
				GCC_C_LANGUAGE_STANDARD = gnu11;
				GCC_NO_COMMON_BLOCKS = YES;
				GCC_WARN_64_TO_32_BIT_CONVERSION = YES;
				GCC_WARN_ABOUT_RETURN_TYPE = YES_ERROR;
				GCC_WARN_UNDECLARED_SELECTOR = YES;
				GCC_WARN_UNINITIALIZED_AUTOS = YES_AGGRESSIVE;
				GCC_WARN_UNUSED_FUNCTION = YES;
				GCC_WARN_UNUSED_VARIABLE = YES;
				IPHONEOS_DEPLOYMENT_TARGET = 11.3;
				MTL_ENABLE_DEBUG_INFO = NO;
				SDKROOT = iphoneos;
				SWIFT_COMPILATION_MODE = wholemodule;
				SWIFT_OPTIMIZATION_LEVEL = "-O";
				VALIDATE_PRODUCT = YES;
			};
			name = Release;
		};
		04BBF11320B5586300BFD768 /* Debug */ = {
			isa = XCBuildConfiguration;
			buildSettings = {
				ASSETCATALOG_COMPILER_APPICON_NAME = AppIcon;
				CODE_SIGN_STYLE = Automatic;
				DEVELOPMENT_TEAM = 9E7V52UM47;
				INFOPLIST_FILE = WorldTrotter/Info.plist;
				IPHONEOS_DEPLOYMENT_TARGET = 10.3;
				LD_RUNPATH_SEARCH_PATHS = (
					"$(inherited)",
					"@executable_path/Frameworks",
				);
				PRODUCT_BUNDLE_IDENTIFIER = com.vbadisova.WorldTrotter;
				PRODUCT_NAME = "$(TARGET_NAME)";
				SWIFT_VERSION = 4.0;
				TARGETED_DEVICE_FAMILY = "1,2";
			};
			name = Debug;
		};
		04BBF11420B5586300BFD768 /* Release */ = {
			isa = XCBuildConfiguration;
			buildSettings = {
				ASSETCATALOG_COMPILER_APPICON_NAME = AppIcon;
				CODE_SIGN_STYLE = Automatic;
				DEVELOPMENT_TEAM = 9E7V52UM47;
				INFOPLIST_FILE = WorldTrotter/Info.plist;
				IPHONEOS_DEPLOYMENT_TARGET = 10.3;
				LD_RUNPATH_SEARCH_PATHS = (
					"$(inherited)",
					"@executable_path/Frameworks",
				);
				PRODUCT_BUNDLE_IDENTIFIER = com.vbadisova.WorldTrotter;
				PRODUCT_NAME = "$(TARGET_NAME)";
				SWIFT_VERSION = 4.0;
				TARGETED_DEVICE_FAMILY = "1,2";
			};
			name = Release;
		};
		04BBF11620B5586300BFD768 /* Debug */ = {
			isa = XCBuildConfiguration;
			buildSettings = {
				ALWAYS_EMBED_SWIFT_STANDARD_LIBRARIES = YES;
				BUNDLE_LOADER = "$(TEST_HOST)";
				CODE_SIGN_STYLE = Automatic;
				DEVELOPMENT_TEAM = 9E7V52UM47;
				INFOPLIST_FILE = WorldTrotterTests/Info.plist;
				LD_RUNPATH_SEARCH_PATHS = (
					"$(inherited)",
					"@executable_path/Frameworks",
					"@loader_path/Frameworks",
				);
				PRODUCT_BUNDLE_IDENTIFIER = com.vbadisova.WorldTrotterTests;
				PRODUCT_NAME = "$(TARGET_NAME)";
				SWIFT_VERSION = 4.0;
				TARGETED_DEVICE_FAMILY = "1,2";
				TEST_HOST = "$(BUILT_PRODUCTS_DIR)/WorldTrotter.app/WorldTrotter";
			};
			name = Debug;
		};
		04BBF11720B5586300BFD768 /* Release */ = {
			isa = XCBuildConfiguration;
			buildSettings = {
				ALWAYS_EMBED_SWIFT_STANDARD_LIBRARIES = YES;
				BUNDLE_LOADER = "$(TEST_HOST)";
				CODE_SIGN_STYLE = Automatic;
				DEVELOPMENT_TEAM = 9E7V52UM47;
				INFOPLIST_FILE = WorldTrotterTests/Info.plist;
				LD_RUNPATH_SEARCH_PATHS = (
					"$(inherited)",
					"@executable_path/Frameworks",
					"@loader_path/Frameworks",
				);
				PRODUCT_BUNDLE_IDENTIFIER = com.vbadisova.WorldTrotterTests;
				PRODUCT_NAME = "$(TARGET_NAME)";
				SWIFT_VERSION = 4.0;
				TARGETED_DEVICE_FAMILY = "1,2";
				TEST_HOST = "$(BUILT_PRODUCTS_DIR)/WorldTrotter.app/WorldTrotter";
			};
			name = Release;
		};
		04BBF11920B5586300BFD768 /* Debug */ = {
			isa = XCBuildConfiguration;
			buildSettings = {
				ALWAYS_EMBED_SWIFT_STANDARD_LIBRARIES = YES;
				CODE_SIGN_STYLE = Automatic;
				DEVELOPMENT_TEAM = 9E7V52UM47;
				INFOPLIST_FILE = WorldTrotterUITests/Info.plist;
				LD_RUNPATH_SEARCH_PATHS = (
					"$(inherited)",
					"@executable_path/Frameworks",
					"@loader_path/Frameworks",
				);
				PRODUCT_BUNDLE_IDENTIFIER = com.vbadisova.WorldTrotterUITests;
				PRODUCT_NAME = "$(TARGET_NAME)";
				SWIFT_VERSION = 4.0;
				TARGETED_DEVICE_FAMILY = "1,2";
				TEST_TARGET_NAME = WorldTrotter;
			};
			name = Debug;
		};
		04BBF11A20B5586300BFD768 /* Release */ = {
			isa = XCBuildConfiguration;
			buildSettings = {
				ALWAYS_EMBED_SWIFT_STANDARD_LIBRARIES = YES;
				CODE_SIGN_STYLE = Automatic;
				DEVELOPMENT_TEAM = 9E7V52UM47;
				INFOPLIST_FILE = WorldTrotterUITests/Info.plist;
				LD_RUNPATH_SEARCH_PATHS = (
					"$(inherited)",
					"@executable_path/Frameworks",
					"@loader_path/Frameworks",
				);
				PRODUCT_BUNDLE_IDENTIFIER = com.vbadisova.WorldTrotterUITests;
				PRODUCT_NAME = "$(TARGET_NAME)";
				SWIFT_VERSION = 4.0;
				TARGETED_DEVICE_FAMILY = "1,2";
				TEST_TARGET_NAME = WorldTrotter;
			};
			name = Release;
		};
/* End XCBuildConfiguration section */

/* Begin XCConfigurationList section */
		04BBF0E520B5586200BFD768 /* Build configuration list for PBXProject "WorldTrotter" */ = {
			isa = XCConfigurationList;
			buildConfigurations = (
				04BBF11020B5586300BFD768 /* Debug */,
				04BBF11120B5586300BFD768 /* Release */,
			);
			defaultConfigurationIsVisible = 0;
			defaultConfigurationName = Release;
		};
		04BBF11220B5586300BFD768 /* Build configuration list for PBXNativeTarget "WorldTrotter" */ = {
			isa = XCConfigurationList;
			buildConfigurations = (
				04BBF11320B5586300BFD768 /* Debug */,
				04BBF11420B5586300BFD768 /* Release */,
			);
			defaultConfigurationIsVisible = 0;
			defaultConfigurationName = Release;
		};
		04BBF11520B5586300BFD768 /* Build configuration list for PBXNativeTarget "WorldTrotterTests" */ = {
			isa = XCConfigurationList;
			buildConfigurations = (
				04BBF11620B5586300BFD768 /* Debug */,
				04BBF11720B5586300BFD768 /* Release */,
			);
			defaultConfigurationIsVisible = 0;
			defaultConfigurationName = Release;
		};
		04BBF11820B5586300BFD768 /* Build configuration list for PBXNativeTarget "WorldTrotterUITests" */ = {
			isa = XCConfigurationList;
			buildConfigurations = (
				04BBF11920B5586300BFD768 /* Debug */,
				04BBF11A20B5586300BFD768 /* Release */,
			);
			defaultConfigurationIsVisible = 0;
			defaultConfigurationName = Release;
		};
/* End XCConfigurationList section */
	};
	rootObject = 04BBF0E220B5586200BFD768 /* Project object */;
}
